
Microsoft Visual Studio Solution File, Format Version 12.00
# Visual Studio Version 17
VisualStudioVersion = 17.6.33801.468
MinimumVisualStudioVersion = 10.0.40219.1
Project("{FAE04EC0-301F-11D3-BF4B-00C04F79EFBC}") = "Storage_Project", "Storage_Project.csproj", "{6B927E98-DC4A-4028-9F6A-CD56DB6F37B0}"
EndProject
Global
	GlobalSection(SolutionConfigurationPlatforms) = preSolution
		Debug|Any CPU = Debug|Any CPU
		Release|Any CPU = Release|Any CPU
	EndGlobalSection
	GlobalSection(ProjectConfigurationPlatforms) = postSolution
		{6B927E98-DC4A-4028-9F6A-CD56DB6F37B0}.Debug|Any CPU.ActiveCfg = Debug|Any CPU
		{6B927E98-DC4A-4028-9F6A-CD56DB6F37B0}.Debug|Any CPU.Build.0 = Debug|Any CPU
		{6B927E98-DC4A-4028-9F6A-CD56DB6F37B0}.Release|Any CPU.ActiveCfg = Release|Any CPU
		{6B927E98-DC4A-4028-9F6A-CD56DB6F37B0}.Release|Any CPU.Build.0 = Release|Any CPU
	EndGlobalSection
	GlobalSection(SolutionProperties) = preSolution
		HideSolutionNode = FALSE
	EndGlobalSection
	GlobalSection(ExtensibilityGlobals) = postSolution
		SolutionGuid = {6C70571C-1D04-49B5-BB63-6FAF50F01EDA}
	EndGlobalSection
EndGlobal
